
Microsoft Visual Studio Solution File, Format Version 12.00
# Visual Studio Version 17
VisualStudioVersion = 17.3.32901.215
MinimumVisualStudioVersion = 10.0.40219.1
Project("{FAE04EC0-301F-11D3-BF4B-00C04F79EFBC}") = "ASP.NetCoreCrud", "ASP.NetCoreCrud.csproj", "{AABF18AA-56FC-42D0-89F3-4520F54E9123}"
EndProject
Global
	GlobalSection(SolutionConfigurationPlatforms) = preSolution
		Debug|Any CPU = Debug|Any CPU
		Release|Any CPU = Release|Any CPU
	EndGlobalSection
	GlobalSection(ProjectConfigurationPlatforms) = postSolution
		{AABF18AA-56FC-42D0-89F3-4520F54E9123}.Debug|Any CPU.ActiveCfg = Debug|Any CPU
		{AABF18AA-56FC-42D0-89F3-4520F54E9123}.Debug|Any CPU.Build.0 = Debug|Any CPU
		{AABF18AA-56FC-42D0-89F3-4520F54E9123}.Release|Any CPU.ActiveCfg = Release|Any CPU
		{AABF18AA-56FC-42D0-89F3-4520F54E9123}.Release|Any CPU.Build.0 = Release|Any CPU
	EndGlobalSection
	GlobalSection(SolutionProperties) = preSolution
		HideSolutionNode = FALSE
	EndGlobalSection
	GlobalSection(ExtensibilityGlobals) = postSolution
		SolutionGuid = {60FDB6FC-213A-44CB-8CD2-FE2DFD21BFEA}
	EndGlobalSection
EndGlobal
